
Microsoft Visual Studio Solution File, Format Version 12.00
# Visual Studio 2012
Project("{FAE04EC0-301F-11D3-BF4B-00C04F79EFBC}") = "musico", "musico\musico.csproj", "{8C7F4BBB-5BC8-42D2-9705-3C92A22DE682}"
EndProject
Global
	GlobalSection(SolutionConfigurationPlatforms) = preSolution
		Debug|Any CPU = Debug|Any CPU
		Release|Any CPU = Release|Any CPU
	EndGlobalSection
	GlobalSection(ProjectConfigurationPlatforms) = postSolution
		{8C7F4BBB-5BC8-42D2-9705-3C92A22DE682}.Debug|Any CPU.ActiveCfg = Debug|Any CPU
		{8C7F4BBB-5BC8-42D2-9705-3C92A22DE682}.Debug|Any CPU.Build.0 = Debug|Any CPU
		{8C7F4BBB-5BC8-42D2-9705-3C92A22DE682}.Release|Any CPU.ActiveCfg = Release|Any CPU
		{8C7F4BBB-5BC8-42D2-9705-3C92A22DE682}.Release|Any CPU.Build.0 = Release|Any CPU
	EndGlobalSection
EndGlobal
